// !$*UTF8*$!
{
	archiveVersion = 1;
	classes = {
	};
	objectVersion = 55;
	objects = {

/* Begin PBXBuildFile section */
		0D1E3EC627EE3B0B00641570 /* AppDelegate.swift in Sources */ = {isa = PBXBuildFile; fileRef = 0D1E3EC527EE3B0B00641570 /* AppDelegate.swift */; };
		0D1E3EC827EE3B0B00641570 /* SceneDelegate.swift in Sources */ = {isa = PBXBuildFile; fileRef = 0D1E3EC727EE3B0B00641570 /* SceneDelegate.swift */; };
		0D1E3ECA27EE3B0B00641570 /* ViewController.swift in Sources */ = {isa = PBXBuildFile; fileRef = 0D1E3EC927EE3B0B00641570 /* ViewController.swift */; };
		0D1E3ECD27EE3B0B00641570 /* Main.storyboard in Resources */ = {isa = PBXBuildFile; fileRef = 0D1E3ECB27EE3B0B00641570 /* Main.storyboard */; };
		0D1E3ECF27EE3B0C00641570 /* Assets.xcassets in Resources */ = {isa = PBXBuildFile; fileRef = 0D1E3ECE27EE3B0C00641570 /* Assets.xcassets */; };
		0D1E3ED227EE3B0C00641570 /* LaunchScreen.storyboard in Resources */ = {isa = PBXBuildFile; fileRef = 0D1E3ED027EE3B0C00641570 /* LaunchScreen.storyboard */; };
		0D26200927FF29C40071371B /* RouteDistanceError.swift in Sources */ = {isa = PBXBuildFile; fileRef = 0D26200827FF29C40071371B /* RouteDistanceError.swift */; };
		0D26200B27FF30D70071371B /* CalculateDistanceError.swift in Sources */ = {isa = PBXBuildFile; fileRef = 0D26200A27FF30D70071371B /* CalculateDistanceError.swift */; };
		0D26200D27FF32700071371B /* Map.swift in Sources */ = {isa = PBXBuildFile; fileRef = 0D26200C27FF32700071371B /* Map.swift */; };
		0D26201B2801F2D50071371B /* HangoutCollectionViewCell.swift in Sources */ = {isa = PBXBuildFile; fileRef = 0D2620192801F2D50071371B /* HangoutCollectionViewCell.swift */; };
		0D26201C2801F2D50071371B /* HangoutCollectionViewCell.xib in Resources */ = {isa = PBXBuildFile; fileRef = 0D26201A2801F2D50071371B /* HangoutCollectionViewCell.xib */; };
		0D262023280203E80071371B /* RecommendationCollectionViewCell.swift in Sources */ = {isa = PBXBuildFile; fileRef = 0D262021280203E80071371B /* RecommendationCollectionViewCell.swift */; };
		0D262024280203E80071371B /* RecommendationCollectionViewCell.xib in Resources */ = {isa = PBXBuildFile; fileRef = 0D262022280203E80071371B /* RecommendationCollectionViewCell.xib */; };
		0D26202A28036C710071371B /* SpentViewManager.swift in Sources */ = {isa = PBXBuildFile; fileRef = 0D26202928036C710071371B /* SpentViewManager.swift */; };
		0D26202C2803746E0071371B /* HangoutDetailsViewManager.swift in Sources */ = {isa = PBXBuildFile; fileRef = 0D26202B2803746E0071371B /* HangoutDetailsViewManager.swift */; };
		0D26202E28039B110071371B /* MarginLabel.swift in Sources */ = {isa = PBXBuildFile; fileRef = 0D26202D28039B110071371B /* MarginLabel.swift */; };
		0D2620302803A83D0071371B /* HangoutDetailsDrawer.swift in Sources */ = {isa = PBXBuildFile; fileRef = 0D26202F2803A83D0071371B /* HangoutDetailsDrawer.swift */; };
		0D92BBBB27EF792900970090 /* ICell.swift in Sources */ = {isa = PBXBuildFile; fileRef = 0D92BBBA27EF792800970090 /* ICell.swift */; };
		0D92BBBE27EF7BC200970090 /* Hangout.swift in Sources */ = {isa = PBXBuildFile; fileRef = 0D92BBBD27EF7BC200970090 /* Hangout.swift */; };
		0D92BBCF27F3792000970090 /* NavbarDrawer.swift in Sources */ = {isa = PBXBuildFile; fileRef = 0D92BBCE27F3792000970090 /* NavbarDrawer.swift */; };
		0D92BBF127F3B10D00970090 /* ViewDesignable.swift in Sources */ = {isa = PBXBuildFile; fileRef = 0D92BBF027F3B10D00970090 /* ViewDesignable.swift */; };
		0D92BBF327F3C9ED00970090 /* AddViewManager.swift in Sources */ = {isa = PBXBuildFile; fileRef = 0D92BBF227F3C9ED00970090 /* AddViewManager.swift */; };
		0DA27C8127F558FC000FE4A0 /* HangoutCollectionViewManager.swift in Sources */ = {isa = PBXBuildFile; fileRef = 0DA27C8027F558FC000FE4A0 /* HangoutCollectionViewManager.swift */; };
		0DA952A727F611B1008132AC /* Calculate.swift in Sources */ = {isa = PBXBuildFile; fileRef = 0DA952A627F611B1008132AC /* Calculate.swift */; };
		0DA952A927F63BFC008132AC /* MapViewManager.swift in Sources */ = {isa = PBXBuildFile; fileRef = 0DA952A827F63BFC008132AC /* MapViewManager.swift */; };
		0DA952B027F6BBBE008132AC /* MapConstants.swift in Sources */ = {isa = PBXBuildFile; fileRef = 0DA952AF27F6BBBE008132AC /* MapConstants.swift */; };
		0DA952B327F76659008132AC /* AddViewManagerConstants.swift in Sources */ = {isa = PBXBuildFile; fileRef = 0DA952B227F76659008132AC /* AddViewManagerConstants.swift */; };
		0DEB28B72804FEFF0030CA08 /* ManagersExtension.swift in Sources */ = {isa = PBXBuildFile; fileRef = 0DEB28B62804FEFF0030CA08 /* ManagersExtension.swift */; };
		0DEB28B92805040D0030CA08 /* MapExtensions.swift in Sources */ = {isa = PBXBuildFile; fileRef = 0DEB28B82805040D0030CA08 /* MapExtensions.swift */; };
		0DEB28BB280504580030CA08 /* CollectionViewExtensions.swift in Sources */ = {isa = PBXBuildFile; fileRef = 0DEB28BA280504580030CA08 /* CollectionViewExtensions.swift */; };
/* End PBXBuildFile section */

/* Begin PBXFileReference section */
		0D1E3EC227EE3B0B00641570 /* HangFin.app */ = {isa = PBXFileReference; explicitFileType = wrapper.application; includeInIndex = 0; path = HangFin.app; sourceTree = BUILT_PRODUCTS_DIR; };
		0D1E3EC527EE3B0B00641570 /* AppDelegate.swift */ = {isa = PBXFileReference; lastKnownFileType = sourcecode.swift; path = AppDelegate.swift; sourceTree = "<group>"; };
		0D1E3EC727EE3B0B00641570 /* SceneDelegate.swift */ = {isa = PBXFileReference; lastKnownFileType = sourcecode.swift; path = SceneDelegate.swift; sourceTree = "<group>"; };
		0D1E3EC927EE3B0B00641570 /* ViewController.swift */ = {isa = PBXFileReference; lastKnownFileType = sourcecode.swift; path = ViewController.swift; sourceTree = "<group>"; };
		0D1E3ECC27EE3B0B00641570 /* Base */ = {isa = PBXFileReference; lastKnownFileType = file.storyboard; name = Base; path = Base.lproj/Main.storyboard; sourceTree = "<group>"; };
		0D1E3ECE27EE3B0C00641570 /* Assets.xcassets */ = {isa = PBXFileReference; lastKnownFileType = folder.assetcatalog; path = Assets.xcassets; sourceTree = "<group>"; };
		0D1E3ED127EE3B0C00641570 /* Base */ = {isa = PBXFileReference; lastKnownFileType = file.storyboard; name = Base; path = Base.lproj/LaunchScreen.storyboard; sourceTree = "<group>"; };
		0D1E3ED327EE3B0C00641570 /* Info.plist */ = {isa = PBXFileReference; lastKnownFileType = text.plist.xml; path = Info.plist; sourceTree = "<group>"; };
		0D26200827FF29C40071371B /* RouteDistanceError.swift */ = {isa = PBXFileReference; lastKnownFileType = sourcecode.swift; path = RouteDistanceError.swift; sourceTree = "<group>"; };
		0D26200A27FF30D70071371B /* CalculateDistanceError.swift */ = {isa = PBXFileReference; lastKnownFileType = sourcecode.swift; path = CalculateDistanceError.swift; sourceTree = "<group>"; };
		0D26200C27FF32700071371B /* Map.swift */ = {isa = PBXFileReference; lastKnownFileType = sourcecode.swift; path = Map.swift; sourceTree = "<group>"; };
		0D2620192801F2D50071371B /* HangoutCollectionViewCell.swift */ = {isa = PBXFileReference; lastKnownFileType = sourcecode.swift; path = HangoutCollectionViewCell.swift; sourceTree = "<group>"; };
		0D26201A2801F2D50071371B /* HangoutCollectionViewCell.xib */ = {isa = PBXFileReference; lastKnownFileType = file.xib; path = HangoutCollectionViewCell.xib; sourceTree = "<group>"; };
		0D262021280203E80071371B /* RecommendationCollectionViewCell.swift */ = {isa = PBXFileReference; lastKnownFileType = sourcecode.swift; path = RecommendationCollectionViewCell.swift; sourceTree = "<group>"; };
		0D262022280203E80071371B /* RecommendationCollectionViewCell.xib */ = {isa = PBXFileReference; lastKnownFileType = file.xib; path = RecommendationCollectionViewCell.xib; sourceTree = "<group>"; };
		0D26202928036C710071371B /* SpentViewManager.swift */ = {isa = PBXFileReference; fileEncoding = 4; lastKnownFileType = sourcecode.swift; path = SpentViewManager.swift; sourceTree = "<group>"; };
		0D26202B2803746E0071371B /* HangoutDetailsViewManager.swift */ = {isa = PBXFileReference; lastKnownFileType = sourcecode.swift; path = HangoutDetailsViewManager.swift; sourceTree = "<group>"; };
		0D26202D28039B110071371B /* MarginLabel.swift */ = {isa = PBXFileReference; lastKnownFileType = sourcecode.swift; path = MarginLabel.swift; sourceTree = "<group>"; };
		0D26202F2803A83D0071371B /* HangoutDetailsDrawer.swift */ = {isa = PBXFileReference; lastKnownFileType = sourcecode.swift; path = HangoutDetailsDrawer.swift; sourceTree = "<group>"; };
		0D92BBBA27EF792800970090 /* ICell.swift */ = {isa = PBXFileReference; lastKnownFileType = sourcecode.swift; path = ICell.swift; sourceTree = "<group>"; };
		0D92BBBD27EF7BC200970090 /* Hangout.swift */ = {isa = PBXFileReference; lastKnownFileType = sourcecode.swift; path = Hangout.swift; sourceTree = "<group>"; };
		0D92BBCE27F3792000970090 /* NavbarDrawer.swift */ = {isa = PBXFileReference; lastKnownFileType = sourcecode.swift; path = NavbarDrawer.swift; sourceTree = "<group>"; };
		0D92BBF027F3B10D00970090 /* ViewDesignable.swift */ = {isa = PBXFileReference; lastKnownFileType = sourcecode.swift; path = ViewDesignable.swift; sourceTree = "<group>"; };
		0D92BBF227F3C9ED00970090 /* AddViewManager.swift */ = {isa = PBXFileReference; lastKnownFileType = sourcecode.swift; path = AddViewManager.swift; sourceTree = "<group>"; };
		0DA27C8027F558FC000FE4A0 /* HangoutCollectionViewManager.swift */ = {isa = PBXFileReference; lastKnownFileType = sourcecode.swift; path = HangoutCollectionViewManager.swift; sourceTree = "<group>"; };
		0DA952A627F611B1008132AC /* Calculate.swift */ = {isa = PBXFileReference; lastKnownFileType = sourcecode.swift; path = Calculate.swift; sourceTree = "<group>"; };
		0DA952A827F63BFC008132AC /* MapViewManager.swift */ = {isa = PBXFileReference; lastKnownFileType = sourcecode.swift; path = MapViewManager.swift; sourceTree = "<group>"; };
		0DA952AF27F6BBBE008132AC /* MapConstants.swift */ = {isa = PBXFileReference; lastKnownFileType = sourcecode.swift; path = MapConstants.swift; sourceTree = "<group>"; };
		0DA952B227F76659008132AC /* AddViewManagerConstants.swift */ = {isa = PBXFileReference; lastKnownFileType = sourcecode.swift; path = AddViewManagerConstants.swift; sourceTree = "<group>"; };
		0DEB28B62804FEFF0030CA08 /* ManagersExtension.swift */ = {isa = PBXFileReference; lastKnownFileType = sourcecode.swift; path = ManagersExtension.swift; sourceTree = "<group>"; };
		0DEB28B82805040D0030CA08 /* MapExtensions.swift */ = {isa = PBXFileReference; lastKnownFileType = sourcecode.swift; path = MapExtensions.swift; sourceTree = "<group>"; };
		0DEB28BA280504580030CA08 /* CollectionViewExtensions.swift */ = {isa = PBXFileReference; lastKnownFileType = sourcecode.swift; path = CollectionViewExtensions.swift; sourceTree = "<group>"; };
/* End PBXFileReference section */

/* Begin PBXFrameworksBuildPhase section */
		0D1E3EBF27EE3B0B00641570 /* Frameworks */ = {
			isa = PBXFrameworksBuildPhase;
			buildActionMask = 2147483647;
			files = (
			);
			runOnlyForDeploymentPostprocessing = 0;
		};
/* End PBXFrameworksBuildPhase section */

/* Begin PBXGroup section */
		0D1E3EB927EE3B0B00641570 = {
			isa = PBXGroup;
			children = (
				0D1E3EC427EE3B0B00641570 /* HangFin */,
				0D1E3EC327EE3B0B00641570 /* Products */,
			);
			sourceTree = "<group>";
		};
		0D1E3EC327EE3B0B00641570 /* Products */ = {
			isa = PBXGroup;
			children = (
				0D1E3EC227EE3B0B00641570 /* HangFin.app */,
			);
			name = Products;
			sourceTree = "<group>";
		};
		0D1E3EC427EE3B0B00641570 /* HangFin */ = {
			isa = PBXGroup;
			children = (
				0DEB28B52804FEE80030CA08 /* Extensions */,
				0D26200727FF299C0071371B /* Errors */,
				0DA952B127F75EC5008132AC /* ModelView */,
				0DA952AE27F6BBA7008132AC /* Constants */,
				0D92BBBC27EF7B9A00970090 /* Views */,
				0D92BBB927EF78E600970090 /* Interfaces */,
				0D1E3EDC27EEB46B00641570 /* ViewController */,
				0D1E3EDA27EEB43600641570 /* Models */,
				0D1E3EC527EE3B0B00641570 /* AppDelegate.swift */,
				0D1E3EC727EE3B0B00641570 /* SceneDelegate.swift */,
				0D1E3ECB27EE3B0B00641570 /* Main.storyboard */,
				0D1E3ECE27EE3B0C00641570 /* Assets.xcassets */,
				0D1E3ED027EE3B0C00641570 /* LaunchScreen.storyboard */,
				0D1E3ED327EE3B0C00641570 /* Info.plist */,
			);
			path = HangFin;
			sourceTree = "<group>";
		};
		0D1E3EDA27EEB43600641570 /* Models */ = {
			isa = PBXGroup;
			children = (
				0DA952A627F611B1008132AC /* Calculate.swift */,
				0D92BBBD27EF7BC200970090 /* Hangout.swift */,
				0D26200C27FF32700071371B /* Map.swift */,
			);
			path = Models;
			sourceTree = "<group>";
		};
		0D1E3EDC27EEB46B00641570 /* ViewController */ = {
			isa = PBXGroup;
			children = (
				0D1E3EC927EE3B0B00641570 /* ViewController.swift */,
			);
			path = ViewController;
			sourceTree = "<group>";
		};
		0D26200727FF299C0071371B /* Errors */ = {
			isa = PBXGroup;
			children = (
				0D26200827FF29C40071371B /* RouteDistanceError.swift */,
				0D26200A27FF30D70071371B /* CalculateDistanceError.swift */,
			);
			path = Errors;
			sourceTree = "<group>";
		};
		0D92BBB927EF78E600970090 /* Interfaces */ = {
			isa = PBXGroup;
			children = (
				0D92BBBA27EF792800970090 /* ICell.swift */,
				0D92BBF027F3B10D00970090 /* ViewDesignable.swift */,
			);
			path = Interfaces;
			sourceTree = "<group>";
		};
		0D92BBBC27EF7B9A00970090 /* Views */ = {
			isa = PBXGroup;
			children = (
				0D2620192801F2D50071371B /* HangoutCollectionViewCell.swift */,
				0D26202F2803A83D0071371B /* HangoutDetailsDrawer.swift */,
				0D26202D28039B110071371B /* MarginLabel.swift */,
				0D92BBCE27F3792000970090 /* NavbarDrawer.swift */,
				0D262021280203E80071371B /* RecommendationCollectionViewCell.swift */,
				0D26201A2801F2D50071371B /* HangoutCollectionViewCell.xib */,
				0D262022280203E80071371B /* RecommendationCollectionViewCell.xib */,
			);
			path = Views;
			sourceTree = "<group>";
		};
		0DA952AE27F6BBA7008132AC /* Constants */ = {
			isa = PBXGroup;
			children = (
				0DA952AF27F6BBBE008132AC /* MapConstants.swift */,
				0DA952B227F76659008132AC /* AddViewManagerConstants.swift */,
			);
			path = Constants;
			sourceTree = "<group>";
		};
		0DA952B127F75EC5008132AC /* ModelView */ = {
			isa = PBXGroup;
			children = (
				0D26202928036C710071371B /* SpentViewManager.swift */,
				0D92BBF227F3C9ED00970090 /* AddViewManager.swift */,
				0DA27C8027F558FC000FE4A0 /* HangoutCollectionViewManager.swift */,
				0DA952A827F63BFC008132AC /* MapViewManager.swift */,
				0D26202B2803746E0071371B /* HangoutDetailsViewManager.swift */,
			);
			path = ModelView;
			sourceTree = "<group>";
		};
		0DEB28B52804FEE80030CA08 /* Extensions */ = {
			isa = PBXGroup;
			children = (
				0DEB28B62804FEFF0030CA08 /* ManagersExtension.swift */,
				0DEB28B82805040D0030CA08 /* MapExtensions.swift */,
				0DEB28BA280504580030CA08 /* CollectionViewExtensions.swift */,
			);
			path = Extensions;
			sourceTree = "<group>";
		};
/* End PBXGroup section */

/* Begin PBXNativeTarget section */
		0D1E3EC127EE3B0B00641570 /* HangFin */ = {
			isa = PBXNativeTarget;
			buildConfigurationList = 0D1E3ED627EE3B0C00641570 /* Build configuration list for PBXNativeTarget "HangFin" */;
			buildPhases = (
				0D1E3EBE27EE3B0B00641570 /* Sources */,
				0D1E3EBF27EE3B0B00641570 /* Frameworks */,
				0D1E3EC027EE3B0B00641570 /* Resources */,
			);
			buildRules = (
			);
			dependencies = (
			);
			name = HangFin;
			productName = HangFin;
			productReference = 0D1E3EC227EE3B0B00641570 /* HangFin.app */;
			productType = "com.apple.product-type.application";
		};
/* End PBXNativeTarget section */

/* Begin PBXProject section */
		0D1E3EBA27EE3B0B00641570 /* Project object */ = {
			isa = PBXProject;
			attributes = {
				BuildIndependentTargetsInParallel = 1;
				LastSwiftUpdateCheck = 1320;
				LastUpgradeCheck = 1320;
				TargetAttributes = {
					0D1E3EC127EE3B0B00641570 = {
						CreatedOnToolsVersion = 13.2.1;
					};
				};
			};
			buildConfigurationList = 0D1E3EBD27EE3B0B00641570 /* Build configuration list for PBXProject "HangFin" */;
			compatibilityVersion = "Xcode 13.0";
			developmentRegion = en;
			hasScannedForEncodings = 0;
			knownRegions = (
				en,
				Base,
			);
			mainGroup = 0D1E3EB927EE3B0B00641570;
			productRefGroup = 0D1E3EC327EE3B0B00641570 /* Products */;
			projectDirPath = "";
			projectRoot = "";
			targets = (
				0D1E3EC127EE3B0B00641570 /* HangFin */,
			);
		};
/* End PBXProject section */

/* Begin PBXResourcesBuildPhase section */
		0D1E3EC027EE3B0B00641570 /* Resources */ = {
			isa = PBXResourcesBuildPhase;
			buildActionMask = 2147483647;
			files = (
				0D1E3ED227EE3B0C00641570 /* LaunchScreen.storyboard in Resources */,
				0D1E3ECF27EE3B0C00641570 /* Assets.xcassets in Resources */,
				0D262024280203E80071371B /* RecommendationCollectionViewCell.xib in Resources */,
				0D1E3ECD27EE3B0B00641570 /* Main.storyboard in Resources */,
				0D26201C2801F2D50071371B /* HangoutCollectionViewCell.xib in Resources */,
			);
			runOnlyForDeploymentPostprocessing = 0;
		};
/* End PBXResourcesBuildPhase section */

/* Begin PBXSourcesBuildPhase section */
		0D1E3EBE27EE3B0B00641570 /* Sources */ = {
			isa = PBXSourcesBuildPhase;
			buildActionMask = 2147483647;
			files = (
				0D262023280203E80071371B /* RecommendationCollectionViewCell.swift in Sources */,
				0D26200927FF29C40071371B /* RouteDistanceError.swift in Sources */,
				0D92BBF127F3B10D00970090 /* ViewDesignable.swift in Sources */,
				0D92BBBB27EF792900970090 /* ICell.swift in Sources */,
				0D1E3ECA27EE3B0B00641570 /* ViewController.swift in Sources */,
				0DEB28B72804FEFF0030CA08 /* ManagersExtension.swift in Sources */,
				0DA952B327F76659008132AC /* AddViewManagerConstants.swift in Sources */,
				0D26202A28036C710071371B /* SpentViewManager.swift in Sources */,
				0D92BBCF27F3792000970090 /* NavbarDrawer.swift in Sources */,
				0DA952A927F63BFC008132AC /* MapViewManager.swift in Sources */,
				0D26200B27FF30D70071371B /* CalculateDistanceError.swift in Sources */,
				0D26200D27FF32700071371B /* Map.swift in Sources */,
				0D26201B2801F2D50071371B /* HangoutCollectionViewCell.swift in Sources */,
				0DA27C8127F558FC000FE4A0 /* HangoutCollectionViewManager.swift in Sources */,
				0D1E3EC627EE3B0B00641570 /* AppDelegate.swift in Sources */,
				0DA952B027F6BBBE008132AC /* MapConstants.swift in Sources */,
				0DA952A727F611B1008132AC /* Calculate.swift in Sources */,
				0D26202C2803746E0071371B /* HangoutDetailsViewManager.swift in Sources */,
				0DEB28BB280504580030CA08 /* CollectionViewExtensions.swift in Sources */,
				0D92BBF327F3C9ED00970090 /* AddViewManager.swift in Sources */,
				0D26202E28039B110071371B /* MarginLabel.swift in Sources */,
				0DEB28B92805040D0030CA08 /* MapExtensions.swift in Sources */,
				0D92BBBE27EF7BC200970090 /* Hangout.swift in Sources */,
				0D2620302803A83D0071371B /* HangoutDetailsDrawer.swift in Sources */,
				0D1E3EC827EE3B0B00641570 /* SceneDelegate.swift in Sources */,
			);
			runOnlyForDeploymentPostprocessing = 0;
		};
/* End PBXSourcesBuildPhase section */

/* Begin PBXVariantGroup section */
		0D1E3ECB27EE3B0B00641570 /* Main.storyboard */ = {
			isa = PBXVariantGroup;
			children = (
				0D1E3ECC27EE3B0B00641570 /* Base */,
			);
			name = Main.storyboard;
			sourceTree = "<group>";
		};
		0D1E3ED027EE3B0C00641570 /* LaunchScreen.storyboard */ = {
			isa = PBXVariantGroup;
			children = (
				0D1E3ED127EE3B0C00641570 /* Base */,
			);
			name = LaunchScreen.storyboard;
			sourceTree = "<group>";
		};
/* End PBXVariantGroup section */

/* Begin XCBuildConfiguration section */
		0D1E3ED427EE3B0C00641570 /* Debug */ = {
			isa = XCBuildConfiguration;
			buildSettings = {
				ALWAYS_SEARCH_USER_PATHS = NO;
				CLANG_ANALYZER_NONNULL = YES;
				CLANG_ANALYZER_NUMBER_OBJECT_CONVERSION = YES_AGGRESSIVE;
				CLANG_CXX_LANGUAGE_STANDARD = "gnu++17";
				CLANG_CXX_LIBRARY = "libc++";
				CLANG_ENABLE_MODULES = YES;
				CLANG_ENABLE_OBJC_ARC = YES;
				CLANG_ENABLE_OBJC_WEAK = YES;
				CLANG_WARN_BLOCK_CAPTURE_AUTORELEASING = YES;
				CLANG_WARN_BOOL_CONVERSION = YES;
				CLANG_WARN_COMMA = YES;
				CLANG_WARN_CONSTANT_CONVERSION = YES;
				CLANG_WARN_DEPRECATED_OBJC_IMPLEMENTATIONS = YES;
				CLANG_WARN_DIRECT_OBJC_ISA_USAGE = YES_ERROR;
				CLANG_WARN_DOCUMENTATION_COMMENTS = YES;
				CLANG_WARN_EMPTY_BODY = YES;
				CLANG_WARN_ENUM_CONVERSION = YES;
				CLANG_WARN_INFINITE_RECURSION = YES;
				CLANG_WARN_INT_CONVERSION = YES;
				CLANG_WARN_NON_LITERAL_NULL_CONVERSION = YES;
				CLANG_WARN_OBJC_IMPLICIT_RETAIN_SELF = YES;
				CLANG_WARN_OBJC_LITERAL_CONVERSION = YES;
				CLANG_WARN_OBJC_ROOT_CLASS = YES_ERROR;
				CLANG_WARN_QUOTED_INCLUDE_IN_FRAMEWORK_HEADER = YES;
				CLANG_WARN_RANGE_LOOP_ANALYSIS = YES;
				CLANG_WARN_STRICT_PROTOTYPES = YES;
				CLANG_WARN_SUSPICIOUS_MOVE = YES;
				CLANG_WARN_UNGUARDED_AVAILABILITY = YES_AGGRESSIVE;
				CLANG_WARN_UNREACHABLE_CODE = YES;
				CLANG_WARN__DUPLICATE_METHOD_MATCH = YES;
				COPY_PHASE_STRIP = NO;
				DEBUG_INFORMATION_FORMAT = dwarf;
				ENABLE_STRICT_OBJC_MSGSEND = YES;
				ENABLE_TESTABILITY = YES;
				GCC_C_LANGUAGE_STANDARD = gnu11;
				GCC_DYNAMIC_NO_PIC = NO;
				GCC_NO_COMMON_BLOCKS = YES;
				GCC_OPTIMIZATION_LEVEL = 0;
				GCC_PREPROCESSOR_DEFINITIONS = (
					"DEBUG=1",
					"$(inherited)",
				);
				GCC_WARN_64_TO_32_BIT_CONVERSION = YES;
				GCC_WARN_ABOUT_RETURN_TYPE = YES_ERROR;
				GCC_WARN_UNDECLARED_SELECTOR = YES;
				GCC_WARN_UNINITIALIZED_AUTOS = YES_AGGRESSIVE;
				GCC_WARN_UNUSED_FUNCTION = YES;
				GCC_WARN_UNUSED_VARIABLE = YES;
				IPHONEOS_DEPLOYMENT_TARGET = 15.2;
				MTL_ENABLE_DEBUG_INFO = INCLUDE_SOURCE;
				MTL_FAST_MATH = YES;
				ONLY_ACTIVE_ARCH = YES;
				SDKROOT = iphoneos;
				SWIFT_ACTIVE_COMPILATION_CONDITIONS = DEBUG;
				SWIFT_OPTIMIZATION_LEVEL = "-Onone";
			};
			name = Debug;
		};
		0D1E3ED527EE3B0C00641570 /* Release */ = {
			isa = XCBuildConfiguration;
			buildSettings = {
				ALWAYS_SEARCH_USER_PATHS = NO;
				CLANG_ANALYZER_NONNULL = YES;
				CLANG_ANALYZER_NUMBER_OBJECT_CONVERSION = YES_AGGRESSIVE;
				CLANG_CXX_LANGUAGE_STANDARD = "gnu++17";
				CLANG_CXX_LIBRARY = "libc++";
				CLANG_ENABLE_MODULES = YES;
				CLANG_ENABLE_OBJC_ARC = YES;
				CLANG_ENABLE_OBJC_WEAK = YES;
				CLANG_WARN_BLOCK_CAPTURE_AUTORELEASING = YES;
				CLANG_WARN_BOOL_CONVERSION = YES;
				CLANG_WARN_COMMA = YES;
				CLANG_WARN_CONSTANT_CONVERSION = YES;
				CLANG_WARN_DEPRECATED_OBJC_IMPLEMENTATIONS = YES;
				CLANG_WARN_DIRECT_OBJC_ISA_USAGE = YES_ERROR;
				CLANG_WARN_DOCUMENTATION_COMMENTS = YES;
				CLANG_WARN_EMPTY_BODY = YES;
				CLANG_WARN_ENUM_CONVERSION = YES;
				CLANG_WARN_INFINITE_RECURSION = YES;
				CLANG_WARN_INT_CONVERSION = YES;
				CLANG_WARN_NON_LITERAL_NULL_CONVERSION = YES;
				CLANG_WARN_OBJC_IMPLICIT_RETAIN_SELF = YES;
				CLANG_WARN_OBJC_LITERAL_CONVERSION = YES;
				CLANG_WARN_OBJC_ROOT_CLASS = YES_ERROR;
				CLANG_WARN_QUOTED_INCLUDE_IN_FRAMEWORK_HEADER = YES;
				CLANG_WARN_RANGE_LOOP_ANALYSIS = YES;
				CLANG_WARN_STRICT_PROTOTYPES = YES;
				CLANG_WARN_SUSPICIOUS_MOVE = YES;
				CLANG_WARN_UNGUARDED_AVAILABILITY = YES_AGGRESSIVE;
				CLANG_WARN_UNREACHABLE_CODE = YES;
				CLANG_WARN__DUPLICATE_METHOD_MATCH = YES;
				COPY_PHASE_STRIP = NO;
				DEBUG_INFORMATION_FORMAT = "dwarf-with-dsym";
				ENABLE_NS_ASSERTIONS = NO;
				ENABLE_STRICT_OBJC_MSGSEND = YES;
				GCC_C_LANGUAGE_STANDARD = gnu11;
				GCC_NO_COMMON_BLOCKS = YES;
				GCC_WARN_64_TO_32_BIT_CONVERSION = YES;
				GCC_WARN_ABOUT_RETURN_TYPE = YES_ERROR;
				GCC_WARN_UNDECLARED_SELECTOR = YES;
				GCC_WARN_UNINITIALIZED_AUTOS = YES_AGGRESSIVE;
				GCC_WARN_UNUSED_FUNCTION = YES;
				GCC_WARN_UNUSED_VARIABLE = YES;
				IPHONEOS_DEPLOYMENT_TARGET = 15.2;
				MTL_ENABLE_DEBUG_INFO = NO;
				MTL_FAST_MATH = YES;
				SDKROOT = iphoneos;
				SWIFT_COMPILATION_MODE = wholemodule;
				SWIFT_OPTIMIZATION_LEVEL = "-O";
				VALIDATE_PRODUCT = YES;
			};
			name = Release;
		};
		0D1E3ED727EE3B0C00641570 /* Debug */ = {
			isa = XCBuildConfiguration;
			buildSettings = {
				ASSETCATALOG_COMPILER_APPICON_NAME = AppIcon;
				ASSETCATALOG_COMPILER_GLOBAL_ACCENT_COLOR_NAME = AccentColor;
				CODE_SIGN_STYLE = Automatic;
				CURRENT_PROJECT_VERSION = 1;
				DEVELOPMENT_TEAM = 4UVYB4V5UN;
				GENERATE_INFOPLIST_FILE = YES;
				INFOPLIST_FILE = HangFin/Info.plist;
				INFOPLIST_KEY_UIApplicationSupportsIndirectInputEvents = YES;
				INFOPLIST_KEY_UILaunchStoryboardName = LaunchScreen;
				INFOPLIST_KEY_UIMainStoryboardFile = Main;
				INFOPLIST_KEY_UISupportedInterfaceOrientations = UIInterfaceOrientationPortrait;
				INFOPLIST_KEY_UISupportedInterfaceOrientations_iPad = "UIInterfaceOrientationPortrait UIInterfaceOrientationPortraitUpsideDown UIInterfaceOrientationLandscapeLeft UIInterfaceOrientationLandscapeRight";
				INFOPLIST_KEY_UISupportedInterfaceOrientations_iPhone = "UIInterfaceOrientationPortrait UIInterfaceOrientationLandscapeLeft UIInterfaceOrientationLandscapeRight";
				LD_RUNPATH_SEARCH_PATHS = (
					"$(inherited)",
					"@executable_path/Frameworks",
				);
				MARKETING_VERSION = 1.0;
				PRODUCT_BUNDLE_IDENTIFIER = br.ufpe.cin.academy.apfd.HangFin;
				PRODUCT_NAME = "$(TARGET_NAME)";
				SWIFT_EMIT_LOC_STRINGS = YES;
				SWIFT_VERSION = 5.0;
				TARGETED_DEVICE_FAMILY = 1;
			};
			name = Debug;
		};
		0D1E3ED827EE3B0C00641570 /* Release */ = {
			isa = XCBuildConfiguration;
			buildSettings = {
				ASSETCATALOG_COMPILER_APPICON_NAME = AppIcon;
				ASSETCATALOG_COMPILER_GLOBAL_ACCENT_COLOR_NAME = AccentColor;
				CODE_SIGN_STYLE = Automatic;
				CURRENT_PROJECT_VERSION = 1;
				DEVELOPMENT_TEAM = 4UVYB4V5UN;
				GENERATE_INFOPLIST_FILE = YES;
				INFOPLIST_FILE = HangFin/Info.plist;
				INFOPLIST_KEY_UIApplicationSupportsIndirectInputEvents = YES;
				INFOPLIST_KEY_UILaunchStoryboardName = LaunchScreen;
				INFOPLIST_KEY_UIMainStoryboardFile = Main;
				INFOPLIST_KEY_UISupportedInterfaceOrientations = UIInterfaceOrientationPortrait;
				INFOPLIST_KEY_UISupportedInterfaceOrientations_iPad = "UIInterfaceOrientationPortrait UIInterfaceOrientationPortraitUpsideDown UIInterfaceOrientationLandscapeLeft UIInterfaceOrientationLandscapeRight";
				INFOPLIST_KEY_UISupportedInterfaceOrientations_iPhone = "UIInterfaceOrientationPortrait UIInterfaceOrientationLandscapeLeft UIInterfaceOrientationLandscapeRight";
				LD_RUNPATH_SEARCH_PATHS = (
					"$(inherited)",
					"@executable_path/Frameworks",
				);
				MARKETING_VERSION = 1.0;
				PRODUCT_BUNDLE_IDENTIFIER = br.ufpe.cin.academy.apfd.HangFin;
				PRODUCT_NAME = "$(TARGET_NAME)";
				SWIFT_EMIT_LOC_STRINGS = YES;
				SWIFT_VERSION = 5.0;
				TARGETED_DEVICE_FAMILY = 1;
			};
			name = Release;
		};
/* End XCBuildConfiguration section */

/* Begin XCConfigurationList section */
		0D1E3EBD27EE3B0B00641570 /* Build configuration list for PBXProject "HangFin" */ = {
			isa = XCConfigurationList;
			buildConfigurations = (
				0D1E3ED427EE3B0C00641570 /* Debug */,
				0D1E3ED527EE3B0C00641570 /* Release */,
			);
			defaultConfigurationIsVisible = 0;
			defaultConfigurationName = Release;
		};
		0D1E3ED627EE3B0C00641570 /* Build configuration list for PBXNativeTarget "HangFin" */ = {
			isa = XCConfigurationList;
			buildConfigurations = (
				0D1E3ED727EE3B0C00641570 /* Debug */,
				0D1E3ED827EE3B0C00641570 /* Release */,
			);
			defaultConfigurationIsVisible = 0;
			defaultConfigurationName = Release;
		};
/* End XCConfigurationList section */
	};
	rootObject = 0D1E3EBA27EE3B0B00641570 /* Project object */;
}
